
Microsoft Visual Studio Solution File, Format Version 12.00
# Visual Studio Version 17
VisualStudioVersion = 17.14.36301.6 d17.14
MinimumVisualStudioVersion = 10.0.40219.1
Project("{2150E333-8FDC-42A3-9474-1A3956D46DE8}") = "Core", "Core", "{02EA681E-C7D8-13C7-8484-4AC65E1B71E8}"
EndProject
Project("{FAE04EC0-301F-11D3-BF4B-00C04F79EFBC}") = "BitirmeÖdevi_CarReservation.Domain", "Core\BitirmeÖdevi_CarReservation.Domain\BitirmeÖdevi_CarReservation.Domain.csproj", "{35D2CB17-0BBD-4117-8F22-7843B547F5B9}"
EndProject
Project("{2150E333-8FDC-42A3-9474-1A3956D46DE8}") = "Infrastructure", "Infrastructure", "{8A75D651-1987-4984-8DA0-814CD2330A82}"
EndProject
Project("{FAE04EC0-301F-11D3-BF4B-00C04F79EFBC}") = "BitirmeÖdevi_CarReservation.Persistence", "Infrastructure\BitirmeÖdevi_CarReservation.Persistence\BitirmeÖdevi_CarReservation.Persistence.csproj", "{52401AA5-3E14-44C4-BBD4-566BED2DA4C4}"
EndProject
Project("{2150E333-8FDC-42A3-9474-1A3956D46DE8}") = "Presentation", "Presentation", "{360927E7-8083-4C98-9D06-201C103A7035}"
EndProject
Project("{FAE04EC0-301F-11D3-BF4B-00C04F79EFBC}") = "BitirmeÖdevi_CarReservation.WebApi", "Presentation\BitirmeÖdevi_CarReservation.WebApi\BitirmeÖdevi_CarReservation.WebApi.csproj", "{C7DECCAF-F8BA-4449-AD72-BBF10B90221E}"
EndProject
Project("{FAE04EC0-301F-11D3-BF4B-00C04F79EFBC}") = "BitirmeÖdevi_CarReservation.Application", "Core\BitirmeÖdevi_CarReservation.Application\BitirmeÖdevi_CarReservation.Application.csproj", "{C9604B43-2794-44B8-AC56-438F66155464}"
EndProject
Global
	GlobalSection(SolutionConfigurationPlatforms) = preSolution
		Debug|Any CPU = Debug|Any CPU
		Release|Any CPU = Release|Any CPU
	EndGlobalSection
	GlobalSection(ProjectConfigurationPlatforms) = postSolution
		{35D2CB17-0BBD-4117-8F22-7843B547F5B9}.Debug|Any CPU.ActiveCfg = Debug|Any CPU
		{35D2CB17-0BBD-4117-8F22-7843B547F5B9}.Debug|Any CPU.Build.0 = Debug|Any CPU
		{35D2CB17-0BBD-4117-8F22-7843B547F5B9}.Release|Any CPU.ActiveCfg = Release|Any CPU
		{35D2CB17-0BBD-4117-8F22-7843B547F5B9}.Release|Any CPU.Build.0 = Release|Any CPU
		{52401AA5-3E14-44C4-BBD4-566BED2DA4C4}.Debug|Any CPU.ActiveCfg = Debug|Any CPU
		{52401AA5-3E14-44C4-BBD4-566BED2DA4C4}.Debug|Any CPU.Build.0 = Debug|Any CPU
		{52401AA5-3E14-44C4-BBD4-566BED2DA4C4}.Release|Any CPU.ActiveCfg = Release|Any CPU
		{52401AA5-3E14-44C4-BBD4-566BED2DA4C4}.Release|Any CPU.Build.0 = Release|Any CPU
		{C7DECCAF-F8BA-4449-AD72-BBF10B90221E}.Debug|Any CPU.ActiveCfg = Debug|Any CPU
		{C7DECCAF-F8BA-4449-AD72-BBF10B90221E}.Debug|Any CPU.Build.0 = Debug|Any CPU
		{C7DECCAF-F8BA-4449-AD72-BBF10B90221E}.Release|Any CPU.ActiveCfg = Release|Any CPU
		{C7DECCAF-F8BA-4449-AD72-BBF10B90221E}.Release|Any CPU.Build.0 = Release|Any CPU
		{C9604B43-2794-44B8-AC56-438F66155464}.Debug|Any CPU.ActiveCfg = Debug|Any CPU
		{C9604B43-2794-44B8-AC56-438F66155464}.Debug|Any CPU.Build.0 = Debug|Any CPU
		{C9604B43-2794-44B8-AC56-438F66155464}.Release|Any CPU.ActiveCfg = Release|Any CPU
		{C9604B43-2794-44B8-AC56-438F66155464}.Release|Any CPU.Build.0 = Release|Any CPU
	EndGlobalSection
	GlobalSection(SolutionProperties) = preSolution
		HideSolutionNode = FALSE
	EndGlobalSection
	GlobalSection(NestedProjects) = preSolution
		{35D2CB17-0BBD-4117-8F22-7843B547F5B9} = {02EA681E-C7D8-13C7-8484-4AC65E1B71E8}
		{52401AA5-3E14-44C4-BBD4-566BED2DA4C4} = {8A75D651-1987-4984-8DA0-814CD2330A82}
		{C7DECCAF-F8BA-4449-AD72-BBF10B90221E} = {360927E7-8083-4C98-9D06-201C103A7035}
		{C9604B43-2794-44B8-AC56-438F66155464} = {02EA681E-C7D8-13C7-8484-4AC65E1B71E8}
	EndGlobalSection
	GlobalSection(ExtensibilityGlobals) = postSolution
		SolutionGuid = {249502BE-ED1F-4A44-A4C9-CB03DFA32E4B}
	EndGlobalSection
EndGlobal
